
Microsoft Visual Studio Solution File, Format Version 12.00
# Visual Studio Version 16
VisualStudioVersion = 16.0.29709.97
MinimumVisualStudioVersion = 10.0.40219.1
Project("{9092AA53-FB77-4645-B42D-1CCCA6BD08BD}") = "CheetNodeJS", "CheetNodeJS\CheetNodeJS.njsproj", "{8119F51C-C1BF-42FA-AAE9-DFB53C9C8568}"
EndProject
Global
	GlobalSection(SolutionConfigurationPlatforms) = preSolution
		Debug|Any CPU = Debug|Any CPU
		Release|Any CPU = Release|Any CPU
	EndGlobalSection
	GlobalSection(ProjectConfigurationPlatforms) = postSolution
		{8119F51C-C1BF-42FA-AAE9-DFB53C9C8568}.Debug|Any CPU.ActiveCfg = Debug|Any CPU
		{8119F51C-C1BF-42FA-AAE9-DFB53C9C8568}.Debug|Any CPU.Build.0 = Debug|Any CPU
		{8119F51C-C1BF-42FA-AAE9-DFB53C9C8568}.Release|Any CPU.ActiveCfg = Release|Any CPU
		{8119F51C-C1BF-42FA-AAE9-DFB53C9C8568}.Release|Any CPU.Build.0 = Release|Any CPU
	EndGlobalSection
	GlobalSection(SolutionProperties) = preSolution
		HideSolutionNode = FALSE
	EndGlobalSection
	GlobalSection(ExtensibilityGlobals) = postSolution
		SolutionGuid = {46710D8E-5B8A-4CA9-867C-93CFFADA8BE6}
	EndGlobalSection
EndGlobal
